
Microsoft Visual Studio Solution File, Format Version 12.00
# Visual Studio 15
VisualStudioVersion = 15.0.27428.2011
MinimumVisualStudioVersion = 10.0.40219.1
Project("{FAE04EC0-301F-11D3-BF4B-00C04F79EFBC}") = "MvvmLight1", "MvvmLight1\MvvmLight1.csproj", "{B9CF4EB5-1884-488D-B051-140F43632595}"
EndProject
Project("{FAE04EC0-301F-11D3-BF4B-00C04F79EFBC}") = "BindControl", "BindControl\BindControl.csproj", "{312133FB-ACA3-410D-8727-303225BF75B9}"
EndProject
Project("{FAE04EC0-301F-11D3-BF4B-00C04F79EFBC}") = "BindCollection", "BindCollection\BindCollection.csproj", "{D95DDF17-D733-4B73-BA54-84EE01E17E50}"
EndProject
Project("{FAE04EC0-301F-11D3-BF4B-00C04F79EFBC}") = "NoPathBinding", "NoPathBinding\NoPathBinding.csproj", "{FB953EEB-6639-415A-B40E-E86DEC9D0994}"
EndProject
Project("{FAE04EC0-301F-11D3-BF4B-00C04F79EFBC}") = "NoPathNoSourceBinding", "NoPathNoSourceBinding\NoPathNoSourceBinding.csproj", "{D51B3531-D895-45DD-A40C-608781055174}"
EndProject
Project("{FAE04EC0-301F-11D3-BF4B-00C04F79EFBC}") = "ItemSourceBinding", "ItemSourceBinding\ItemSourceBinding.csproj", "{D07023BF-7FA5-4B31-8120-45E36FDAC23C}"
EndProject
Project("{FAE04EC0-301F-11D3-BF4B-00C04F79EFBC}") = "DataTemplateForListBox", "DataTemplateForListBox\DataTemplateForListBox.csproj", "{BDFCBEC8-99F6-4EB2-8D9E-898617210C7D}"
EndProject
Project("{FAE04EC0-301F-11D3-BF4B-00C04F79EFBC}") = "DataTableBinding", "DataTableBinding\DataTableBinding.csproj", "{D8423E67-1C90-4573-9D4B-A89F0613D4ED}"
EndProject
Project("{FAE04EC0-301F-11D3-BF4B-00C04F79EFBC}") = "XmlBinding", "XmlBinding\XmlBinding.csproj", "{0B65972D-0AEC-4060-9597-D9E1D9F9E661}"
EndProject
Project("{FAE04EC0-301F-11D3-BF4B-00C04F79EFBC}") = "TreeViewBinding", "TreeViewBinding\TreeViewBinding.csproj", "{2430686C-1D20-4E7F-99BE-E45B62BA2D01}"
EndProject
Project("{FAE04EC0-301F-11D3-BF4B-00C04F79EFBC}") = "LINQ_Binding", "LINQ_Binding\LINQ_Binding.csproj", "{4BB1C562-4620-462F-8400-DD3657D5B04D}"
EndProject
Project("{2150E333-8FDC-42A3-9474-1A3956D46DE8}") = "BindingTest", "BindingTest", "{D5E65AA6-13DB-4D8A-8697-57A561346DDA}"
EndProject
Project("{FAE04EC0-301F-11D3-BF4B-00C04F79EFBC}") = "ContentControl_TemplateSelecter", "ContentControl\ContentControl_TemplateSelecter.csproj", "{BB13F18D-4548-4F52-87BB-748CA6C70EB1}"
EndProject
Project("{FAE04EC0-301F-11D3-BF4B-00C04F79EFBC}") = "DependencyPropertyTest", "DependencyProperty\DependencyPropertyTest.csproj", "{A5614E2A-D8E3-406E-AD2C-C7A06E77491B}"
EndProject
Project("{FAE04EC0-301F-11D3-BF4B-00C04F79EFBC}") = "ObjectDataProviderBinding", "ObjectDataProviderBinding\ObjectDataProviderBinding.csproj", "{8D16D9F0-66B9-4D14-AFB0-166755482397}"
EndProject
Project("{2150E333-8FDC-42A3-9474-1A3956D46DE8}") = "RouteEventTest", "RouteEventTest", "{DD0F4422-A30D-4E3E-8F17-8E71D2610CF5}"
EndProject
Project("{FAE04EC0-301F-11D3-BF4B-00C04F79EFBC}") = "ListBox_Item_test", "ListBox_Item_test\ListBox_Item_test.csproj", "{9A371953-08F7-4942-9C3A-67679AE35133}"
EndProject
Project("{FAE04EC0-301F-11D3-BF4B-00C04F79EFBC}") = "ProgressTest", "ProgressTest\ProgressTest.csproj", "{6844DD89-49E3-4697-BE29-E312B8719027}"
EndProject
Project("{2150E333-8FDC-42A3-9474-1A3956D46DE8}") = "Graphic", "Graphic", "{34D59593-0208-4EA9-AD84-6A7D4320E286}"
EndProject
Project("{FAE04EC0-301F-11D3-BF4B-00C04F79EFBC}") = "TestDraw", "TestDraw\TestDraw.csproj", "{1210D87C-0D59-45C3-A876-32A973FD898B}"
EndProject
Project("{FAE04EC0-301F-11D3-BF4B-00C04F79EFBC}") = "StoryBoardTest", "StoryBoardTest\StoryBoardTest.csproj", "{12475CC8-BAF5-4D3F-9F9D-083123C1C4DC}"
EndProject
Project("{2150E333-8FDC-42A3-9474-1A3956D46DE8}") = "Common", "Common", "{D6AF5C21-D3EE-404A-BF8E-A400A8763555}"
EndProject
Project("{FAE04EC0-301F-11D3-BF4B-00C04F79EFBC}") = "TestAwaitSync", "TestAwaitSync\TestAwaitSync.csproj", "{C42695F2-6DF2-4B87-BC56-41A7CD6B9278}"
EndProject
Project("{2150E333-8FDC-42A3-9474-1A3956D46DE8}") = "Template", "Template", "{39BCA472-65F3-472A-A3C2-DC571B8D65F8}"
EndProject
Project("{FAE04EC0-301F-11D3-BF4B-00C04F79EFBC}") = "TemplateTest", "TemplateTest\TemplateTest.csproj", "{1D391BB1-9093-4753-A3A7-8489DA9A4405}"
EndProject
Project("{FAE04EC0-301F-11D3-BF4B-00C04F79EFBC}") = "SetterAndTriggerTest", "SetterAndTriggerTest\SetterAndTriggerTest.csproj", "{DD0BA7AD-2119-4209-AB83-1E4DAC602C95}"
EndProject
Project("{2150E333-8FDC-42A3-9474-1A3956D46DE8}") = "UWP", "UWP", "{414F4A40-3981-4E4C-B05D-FA6423F1DFC3}"
EndProject
Project("{FAE04EC0-301F-11D3-BF4B-00C04F79EFBC}") = "HanbergeMenu", "HanbergeMenu\HanbergeMenu.csproj", "{28B84B50-DC0E-4691-B5FF-EE34F373A11E}"
EndProject
Project("{FAE04EC0-301F-11D3-BF4B-00C04F79EFBC}") = "EventTrigger", "EventTrigger\EventTrigger.csproj", "{590A414F-2D28-45B4-A384-9A35544A3162}"
EndProject
Project("{FAE04EC0-301F-11D3-BF4B-00C04F79EFBC}") = "MutifyTrigger", "MutifyTrigger\MutifyTrigger.csproj", "{7A275BA6-1A85-4F21-858C-661664CFD5FB}"
EndProject
Project("{2150E333-8FDC-42A3-9474-1A3956D46DE8}") = "Xamarin", "Xamarin", "{642295A9-09D9-4445-B6F9-7676261F4C1A}"
EndProject
Project("{FAE04EC0-301F-11D3-BF4B-00C04F79EFBC}") = "App1", "App1\App1.csproj", "{D504C23A-EEF3-43BA-98A1-3868983D66C7}"
EndProject
Project("{FAE04EC0-301F-11D3-BF4B-00C04F79EFBC}") = "LayoutTest", "LayoutTest\LayoutTest.csproj", "{DA5F2AD5-8D35-4D27-A804-9B76939F2AE1}"
EndProject
Project("{FAE04EC0-301F-11D3-BF4B-00C04F79EFBC}") = "Test3D", "Test3D\Test3D.csproj", "{EE0C8F63-AAB3-4B4A-815D-45B3734A3EB5}"
EndProject
Project("{FAE04EC0-301F-11D3-BF4B-00C04F79EFBC}") = "ExceptionTest", "ExceptionTest\ExceptionTest.csproj", "{8024FC9E-547B-4892-8262-C3625A250263}"
EndProject
Project("{FAE04EC0-301F-11D3-BF4B-00C04F79EFBC}") = "UnitTest", "UnitTest\UnitTest.csproj", "{5E332853-CAEC-4EBF-AF8D-2EEDA0D2D0FF}"
EndProject
Project("{FAE04EC0-301F-11D3-BF4B-00C04F79EFBC}") = "LayoutTest_UWP", "LayoutTest_UWP\LayoutTest_UWP.csproj", "{188585A0-510E-4035-834F-56854D585E1A}"
EndProject
Project("{FAE04EC0-301F-11D3-BF4B-00C04F79EFBC}") = "TestRelativeBinding", "TestRelativeBinding\TestRelativeBinding.csproj", "{CA39646A-CF2A-4A7B-99CF-4D5B0939CE0A}"
EndProject
Global
	GlobalSection(SolutionConfigurationPlatforms) = preSolution
		Debug|Any CPU = Debug|Any CPU
		Debug|ARM = Debug|ARM
		Debug|x64 = Debug|x64
		Debug|x86 = Debug|x86
		Release|Any CPU = Release|Any CPU
		Release|ARM = Release|ARM
		Release|x64 = Release|x64
		Release|x86 = Release|x86
	EndGlobalSection
	GlobalSection(ProjectConfigurationPlatforms) = postSolution
		{B9CF4EB5-1884-488D-B051-140F43632595}.Debug|Any CPU.ActiveCfg = Debug|Any CPU
		{B9CF4EB5-1884-488D-B051-140F43632595}.Debug|Any CPU.Build.0 = Debug|Any CPU
		{B9CF4EB5-1884-488D-B051-140F43632595}.Debug|ARM.ActiveCfg = Debug|Any CPU
		{B9CF4EB5-1884-488D-B051-140F43632595}.Debug|ARM.Build.0 = Debug|Any CPU
		{B9CF4EB5-1884-488D-B051-140F43632595}.Debug|x64.ActiveCfg = Debug|Any CPU
		{B9CF4EB5-1884-488D-B051-140F43632595}.Debug|x64.Build.0 = Debug|Any CPU
		{B9CF4EB5-1884-488D-B051-140F43632595}.Debug|x86.ActiveCfg = Debug|Any CPU
		{B9CF4EB5-1884-488D-B051-140F43632595}.Debug|x86.Build.0 = Debug|Any CPU
		{B9CF4EB5-1884-488D-B051-140F43632595}.Release|Any CPU.ActiveCfg = Release|Any CPU
		{B9CF4EB5-1884-488D-B051-140F43632595}.Release|Any CPU.Build.0 = Release|Any CPU
		{B9CF4EB5-1884-488D-B051-140F43632595}.Release|ARM.ActiveCfg = Release|Any CPU
		{B9CF4EB5-1884-488D-B051-140F43632595}.Release|ARM.Build.0 = Release|Any CPU
		{B9CF4EB5-1884-488D-B051-140F43632595}.Release|x64.ActiveCfg = Release|Any CPU
		{B9CF4EB5-1884-488D-B051-140F43632595}.Release|x64.Build.0 = Release|Any CPU
		{B9CF4EB5-1884-488D-B051-140F43632595}.Release|x86.ActiveCfg = Release|Any CPU
		{B9CF4EB5-1884-488D-B051-140F43632595}.Release|x86.Build.0 = Release|Any CPU
		{312133FB-ACA3-410D-8727-303225BF75B9}.Debug|Any CPU.ActiveCfg = Debug|Any CPU
		{312133FB-ACA3-410D-8727-303225BF75B9}.Debug|Any CPU.Build.0 = Debug|Any CPU
		{312133FB-ACA3-410D-8727-303225BF75B9}.Debug|ARM.ActiveCfg = Debug|Any CPU
		{312133FB-ACA3-410D-8727-303225BF75B9}.Debug|ARM.Build.0 = Debug|Any CPU
		{312133FB-ACA3-410D-8727-303225BF75B9}.Debug|x64.ActiveCfg = Debug|Any CPU
		{312133FB-ACA3-410D-8727-303225BF75B9}.Debug|x64.Build.0 = Debug|Any CPU
		{312133FB-ACA3-410D-8727-303225BF75B9}.Debug|x86.ActiveCfg = Debug|Any CPU
		{312133FB-ACA3-410D-8727-303225BF75B9}.Debug|x86.Build.0 = Debug|Any CPU
		{312133FB-ACA3-410D-8727-303225BF75B9}.Release|Any CPU.ActiveCfg = Release|Any CPU
		{312133FB-ACA3-410D-8727-303225BF75B9}.Release|Any CPU.Build.0 = Release|Any CPU
		{312133FB-ACA3-410D-8727-303225BF75B9}.Release|ARM.ActiveCfg = Release|Any CPU
		{312133FB-ACA3-410D-8727-303225BF75B9}.Release|ARM.Build.0 = Release|Any CPU
		{312133FB-ACA3-410D-8727-303225BF75B9}.Release|x64.ActiveCfg = Release|Any CPU
		{312133FB-ACA3-410D-8727-303225BF75B9}.Release|x64.Build.0 = Release|Any CPU
		{312133FB-ACA3-410D-8727-303225BF75B9}.Release|x86.ActiveCfg = Release|Any CPU
		{312133FB-ACA3-410D-8727-303225BF75B9}.Release|x86.Build.0 = Release|Any CPU
		{D95DDF17-D733-4B73-BA54-84EE01E17E50}.Debug|Any CPU.ActiveCfg = Debug|Any CPU
		{D95DDF17-D733-4B73-BA54-84EE01E17E50}.Debug|Any CPU.Build.0 = Debug|Any CPU
		{D95DDF17-D733-4B73-BA54-84EE01E17E50}.Debug|ARM.ActiveCfg = Debug|Any CPU
		{D95DDF17-D733-4B73-BA54-84EE01E17E50}.Debug|ARM.Build.0 = Debug|Any CPU
		{D95DDF17-D733-4B73-BA54-84EE01E17E50}.Debug|x64.ActiveCfg = Debug|Any CPU
		{D95DDF17-D733-4B73-BA54-84EE01E17E50}.Debug|x64.Build.0 = Debug|Any CPU
		{D95DDF17-D733-4B73-BA54-84EE01E17E50}.Debug|x86.ActiveCfg = Debug|Any CPU
		{D95DDF17-D733-4B73-BA54-84EE01E17E50}.Debug|x86.Build.0 = Debug|Any CPU
		{D95DDF17-D733-4B73-BA54-84EE01E17E50}.Release|Any CPU.ActiveCfg = Release|Any CPU
		{D95DDF17-D733-4B73-BA54-84EE01E17E50}.Release|Any CPU.Build.0 = Release|Any CPU
		{D95DDF17-D733-4B73-BA54-84EE01E17E50}.Release|ARM.ActiveCfg = Release|Any CPU
		{D95DDF17-D733-4B73-BA54-84EE01E17E50}.Release|ARM.Build.0 = Release|Any CPU
		{D95DDF17-D733-4B73-BA54-84EE01E17E50}.Release|x64.ActiveCfg = Release|Any CPU
		{D95DDF17-D733-4B73-BA54-84EE01E17E50}.Release|x64.Build.0 = Release|Any CPU
		{D95DDF17-D733-4B73-BA54-84EE01E17E50}.Release|x86.ActiveCfg = Release|Any CPU
		{D95DDF17-D733-4B73-BA54-84EE01E17E50}.Release|x86.Build.0 = Release|Any CPU
		{FB953EEB-6639-415A-B40E-E86DEC9D0994}.Debug|Any CPU.ActiveCfg = Debug|Any CPU
		{FB953EEB-6639-415A-B40E-E86DEC9D0994}.Debug|Any CPU.Build.0 = Debug|Any CPU
		{FB953EEB-6639-415A-B40E-E86DEC9D0994}.Debug|ARM.ActiveCfg = Debug|Any CPU
		{FB953EEB-6639-415A-B40E-E86DEC9D0994}.Debug|ARM.Build.0 = Debug|Any CPU
		{FB953EEB-6639-415A-B40E-E86DEC9D0994}.Debug|x64.ActiveCfg = Debug|Any CPU
		{FB953EEB-6639-415A-B40E-E86DEC9D0994}.Debug|x64.Build.0 = Debug|Any CPU
		{FB953EEB-6639-415A-B40E-E86DEC9D0994}.Debug|x86.ActiveCfg = Debug|Any CPU
		{FB953EEB-6639-415A-B40E-E86DEC9D0994}.Debug|x86.Build.0 = Debug|Any CPU
		{FB953EEB-6639-415A-B40E-E86DEC9D0994}.Release|Any CPU.ActiveCfg = Release|Any CPU
		{FB953EEB-6639-415A-B40E-E86DEC9D0994}.Release|Any CPU.Build.0 = Release|Any CPU
		{FB953EEB-6639-415A-B40E-E86DEC9D0994}.Release|ARM.ActiveCfg = Release|Any CPU
		{FB953EEB-6639-415A-B40E-E86DEC9D0994}.Release|ARM.Build.0 = Release|Any CPU
		{FB953EEB-6639-415A-B40E-E86DEC9D0994}.Release|x64.ActiveCfg = Release|Any CPU
		{FB953EEB-6639-415A-B40E-E86DEC9D0994}.Release|x64.Build.0 = Release|Any CPU
		{FB953EEB-6639-415A-B40E-E86DEC9D0994}.Release|x86.ActiveCfg = Release|Any CPU
		{FB953EEB-6639-415A-B40E-E86DEC9D0994}.Release|x86.Build.0 = Release|Any CPU
		{D51B3531-D895-45DD-A40C-608781055174}.Debug|Any CPU.ActiveCfg = Debug|Any CPU
		{D51B3531-D895-45DD-A40C-608781055174}.Debug|Any CPU.Build.0 = Debug|Any CPU
		{D51B3531-D895-45DD-A40C-608781055174}.Debug|ARM.ActiveCfg = Debug|Any CPU
		{D51B3531-D895-45DD-A40C-608781055174}.Debug|ARM.Build.0 = Debug|Any CPU
		{D51B3531-D895-45DD-A40C-608781055174}.Debug|x64.ActiveCfg = Debug|Any CPU
		{D51B3531-D895-45DD-A40C-608781055174}.Debug|x64.Build.0 = Debug|Any CPU
		{D51B3531-D895-45DD-A40C-608781055174}.Debug|x86.ActiveCfg = Debug|Any CPU
		{D51B3531-D895-45DD-A40C-608781055174}.Debug|x86.Build.0 = Debug|Any CPU
		{D51B3531-D895-45DD-A40C-608781055174}.Release|Any CPU.ActiveCfg = Release|Any CPU
		{D51B3531-D895-45DD-A40C-608781055174}.Release|Any CPU.Build.0 = Release|Any CPU
		{D51B3531-D895-45DD-A40C-608781055174}.Release|ARM.ActiveCfg = Release|Any CPU
		{D51B3531-D895-45DD-A40C-608781055174}.Release|ARM.Build.0 = Release|Any CPU
		{D51B3531-D895-45DD-A40C-608781055174}.Release|x64.ActiveCfg = Release|Any CPU
		{D51B3531-D895-45DD-A40C-608781055174}.Release|x64.Build.0 = Release|Any CPU
		{D51B3531-D895-45DD-A40C-608781055174}.Release|x86.ActiveCfg = Release|Any CPU
		{D51B3531-D895-45DD-A40C-608781055174}.Release|x86.Build.0 = Release|Any CPU
		{D07023BF-7FA5-4B31-8120-45E36FDAC23C}.Debug|Any CPU.ActiveCfg = Debug|Any CPU
		{D07023BF-7FA5-4B31-8120-45E36FDAC23C}.Debug|Any CPU.Build.0 = Debug|Any CPU
		{D07023BF-7FA5-4B31-8120-45E36FDAC23C}.Debug|ARM.ActiveCfg = Debug|Any CPU
		{D07023BF-7FA5-4B31-8120-45E36FDAC23C}.Debug|ARM.Build.0 = Debug|Any CPU
		{D07023BF-7FA5-4B31-8120-45E36FDAC23C}.Debug|x64.ActiveCfg = Debug|Any CPU
		{D07023BF-7FA5-4B31-8120-45E36FDAC23C}.Debug|x64.Build.0 = Debug|Any CPU
		{D07023BF-7FA5-4B31-8120-45E36FDAC23C}.Debug|x86.ActiveCfg = Debug|Any CPU
		{D07023BF-7FA5-4B31-8120-45E36FDAC23C}.Debug|x86.Build.0 = Debug|Any CPU
		{D07023BF-7FA5-4B31-8120-45E36FDAC23C}.Release|Any CPU.ActiveCfg = Release|Any CPU
		{D07023BF-7FA5-4B31-8120-45E36FDAC23C}.Release|Any CPU.Build.0 = Release|Any CPU
		{D07023BF-7FA5-4B31-8120-45E36FDAC23C}.Release|ARM.ActiveCfg = Release|Any CPU
		{D07023BF-7FA5-4B31-8120-45E36FDAC23C}.Release|ARM.Build.0 = Release|Any CPU
		{D07023BF-7FA5-4B31-8120-45E36FDAC23C}.Release|x64.ActiveCfg = Release|Any CPU
		{D07023BF-7FA5-4B31-8120-45E36FDAC23C}.Release|x64.Build.0 = Release|Any CPU
		{D07023BF-7FA5-4B31-8120-45E36FDAC23C}.Release|x86.ActiveCfg = Release|Any CPU
		{D07023BF-7FA5-4B31-8120-45E36FDAC23C}.Release|x86.Build.0 = Release|Any CPU
		{BDFCBEC8-99F6-4EB2-8D9E-898617210C7D}.Debug|Any CPU.ActiveCfg = Debug|Any CPU
		{BDFCBEC8-99F6-4EB2-8D9E-898617210C7D}.Debug|Any CPU.Build.0 = Debug|Any CPU
		{BDFCBEC8-99F6-4EB2-8D9E-898617210C7D}.Debug|ARM.ActiveCfg = Debug|Any CPU
		{BDFCBEC8-99F6-4EB2-8D9E-898617210C7D}.Debug|ARM.Build.0 = Debug|Any CPU
		{BDFCBEC8-99F6-4EB2-8D9E-898617210C7D}.Debug|x64.ActiveCfg = Debug|Any CPU
		{BDFCBEC8-99F6-4EB2-8D9E-898617210C7D}.Debug|x64.Build.0 = Debug|Any CPU
		{BDFCBEC8-99F6-4EB2-8D9E-898617210C7D}.Debug|x86.ActiveCfg = Debug|Any CPU
		{BDFCBEC8-99F6-4EB2-8D9E-898617210C7D}.Debug|x86.Build.0 = Debug|Any CPU
		{BDFCBEC8-99F6-4EB2-8D9E-898617210C7D}.Release|Any CPU.ActiveCfg = Release|Any CPU
		{BDFCBEC8-99F6-4EB2-8D9E-898617210C7D}.Release|Any CPU.Build.0 = Release|Any CPU
		{BDFCBEC8-99F6-4EB2-8D9E-898617210C7D}.Release|ARM.ActiveCfg = Release|Any CPU
		{BDFCBEC8-99F6-4EB2-8D9E-898617210C7D}.Release|ARM.Build.0 = Release|Any CPU
		{BDFCBEC8-99F6-4EB2-8D9E-898617210C7D}.Release|x64.ActiveCfg = Release|Any CPU
		{BDFCBEC8-99F6-4EB2-8D9E-898617210C7D}.Release|x64.Build.0 = Release|Any CPU
		{BDFCBEC8-99F6-4EB2-8D9E-898617210C7D}.Release|x86.ActiveCfg = Release|Any CPU
		{BDFCBEC8-99F6-4EB2-8D9E-898617210C7D}.Release|x86.Build.0 = Release|Any CPU
		{D8423E67-1C90-4573-9D4B-A89F0613D4ED}.Debug|Any CPU.ActiveCfg = Debug|Any CPU
		{D8423E67-1C90-4573-9D4B-A89F0613D4ED}.Debug|Any CPU.Build.0 = Debug|Any CPU
		{D8423E67-1C90-4573-9D4B-A89F0613D4ED}.Debug|ARM.ActiveCfg = Debug|Any CPU
		{D8423E67-1C90-4573-9D4B-A89F0613D4ED}.Debug|ARM.Build.0 = Debug|Any CPU
		{D8423E67-1C90-4573-9D4B-A89F0613D4ED}.Debug|x64.ActiveCfg = Debug|Any CPU
		{D8423E67-1C90-4573-9D4B-A89F0613D4ED}.Debug|x64.Build.0 = Debug|Any CPU
		{D8423E67-1C90-4573-9D4B-A89F0613D4ED}.Debug|x86.ActiveCfg = Debug|Any CPU
		{D8423E67-1C90-4573-9D4B-A89F0613D4ED}.Debug|x86.Build.0 = Debug|Any CPU
		{D8423E67-1C90-4573-9D4B-A89F0613D4ED}.Release|Any CPU.ActiveCfg = Release|Any CPU
		{D8423E67-1C90-4573-9D4B-A89F0613D4ED}.Release|Any CPU.Build.0 = Release|Any CPU
		{D8423E67-1C90-4573-9D4B-A89F0613D4ED}.Release|ARM.ActiveCfg = Release|Any CPU
		{D8423E67-1C90-4573-9D4B-A89F0613D4ED}.Release|ARM.Build.0 = Release|Any CPU
		{D8423E67-1C90-4573-9D4B-A89F0613D4ED}.Release|x64.ActiveCfg = Release|Any CPU
		{D8423E67-1C90-4573-9D4B-A89F0613D4ED}.Release|x64.Build.0 = Release|Any CPU
		{D8423E67-1C90-4573-9D4B-A89F0613D4ED}.Release|x86.ActiveCfg = Release|Any CPU
		{D8423E67-1C90-4573-9D4B-A89F0613D4ED}.Release|x86.Build.0 = Release|Any CPU
		{0B65972D-0AEC-4060-9597-D9E1D9F9E661}.Debug|Any CPU.ActiveCfg = Debug|Any CPU
		{0B65972D-0AEC-4060-9597-D9E1D9F9E661}.Debug|Any CPU.Build.0 = Debug|Any CPU
		{0B65972D-0AEC-4060-9597-D9E1D9F9E661}.Debug|ARM.ActiveCfg = Debug|Any CPU
		{0B65972D-0AEC-4060-9597-D9E1D9F9E661}.Debug|ARM.Build.0 = Debug|Any CPU
		{0B65972D-0AEC-4060-9597-D9E1D9F9E661}.Debug|x64.ActiveCfg = Debug|Any CPU
		{0B65972D-0AEC-4060-9597-D9E1D9F9E661}.Debug|x64.Build.0 = Debug|Any CPU
		{0B65972D-0AEC-4060-9597-D9E1D9F9E661}.Debug|x86.ActiveCfg = Debug|Any CPU
		{0B65972D-0AEC-4060-9597-D9E1D9F9E661}.Debug|x86.Build.0 = Debug|Any CPU
		{0B65972D-0AEC-4060-9597-D9E1D9F9E661}.Release|Any CPU.ActiveCfg = Release|Any CPU
		{0B65972D-0AEC-4060-9597-D9E1D9F9E661}.Release|Any CPU.Build.0 = Release|Any CPU
		{0B65972D-0AEC-4060-9597-D9E1D9F9E661}.Release|ARM.ActiveCfg = Release|Any CPU
		{0B65972D-0AEC-4060-9597-D9E1D9F9E661}.Release|ARM.Build.0 = Release|Any CPU
		{0B65972D-0AEC-4060-9597-D9E1D9F9E661}.Release|x64.ActiveCfg = Release|Any CPU
		{0B65972D-0AEC-4060-9597-D9E1D9F9E661}.Release|x64.Build.0 = Release|Any CPU
		{0B65972D-0AEC-4060-9597-D9E1D9F9E661}.Release|x86.ActiveCfg = Release|Any CPU
		{0B65972D-0AEC-4060-9597-D9E1D9F9E661}.Release|x86.Build.0 = Release|Any CPU
		{2430686C-1D20-4E7F-99BE-E45B62BA2D01}.Debug|Any CPU.ActiveCfg = Debug|Any CPU
		{2430686C-1D20-4E7F-99BE-E45B62BA2D01}.Debug|Any CPU.Build.0 = Debug|Any CPU
		{2430686C-1D20-4E7F-99BE-E45B62BA2D01}.Debug|ARM.ActiveCfg = Debug|Any CPU
		{2430686C-1D20-4E7F-99BE-E45B62BA2D01}.Debug|ARM.Build.0 = Debug|Any CPU
		{2430686C-1D20-4E7F-99BE-E45B62BA2D01}.Debug|x64.ActiveCfg = Debug|Any CPU
		{2430686C-1D20-4E7F-99BE-E45B62BA2D01}.Debug|x64.Build.0 = Debug|Any CPU
		{2430686C-1D20-4E7F-99BE-E45B62BA2D01}.Debug|x86.ActiveCfg = Debug|Any CPU
		{2430686C-1D20-4E7F-99BE-E45B62BA2D01}.Debug|x86.Build.0 = Debug|Any CPU
		{2430686C-1D20-4E7F-99BE-E45B62BA2D01}.Release|Any CPU.ActiveCfg = Release|Any CPU
		{2430686C-1D20-4E7F-99BE-E45B62BA2D01}.Release|Any CPU.Build.0 = Release|Any CPU
		{2430686C-1D20-4E7F-99BE-E45B62BA2D01}.Release|ARM.ActiveCfg = Release|Any CPU
		{2430686C-1D20-4E7F-99BE-E45B62BA2D01}.Release|ARM.Build.0 = Release|Any CPU
		{2430686C-1D20-4E7F-99BE-E45B62BA2D01}.Release|x64.ActiveCfg = Release|Any CPU
		{2430686C-1D20-4E7F-99BE-E45B62BA2D01}.Release|x64.Build.0 = Release|Any CPU
		{2430686C-1D20-4E7F-99BE-E45B62BA2D01}.Release|x86.ActiveCfg = Release|Any CPU
		{2430686C-1D20-4E7F-99BE-E45B62BA2D01}.Release|x86.Build.0 = Release|Any CPU
		{4BB1C562-4620-462F-8400-DD3657D5B04D}.Debug|Any CPU.ActiveCfg = Debug|Any CPU
		{4BB1C562-4620-462F-8400-DD3657D5B04D}.Debug|Any CPU.Build.0 = Debug|Any CPU
		{4BB1C562-4620-462F-8400-DD3657D5B04D}.Debug|ARM.ActiveCfg = Debug|Any CPU
		{4BB1C562-4620-462F-8400-DD3657D5B04D}.Debug|ARM.Build.0 = Debug|Any CPU
		{4BB1C562-4620-462F-8400-DD3657D5B04D}.Debug|x64.ActiveCfg = Debug|Any CPU
		{4BB1C562-4620-462F-8400-DD3657D5B04D}.Debug|x64.Build.0 = Debug|Any CPU
		{4BB1C562-4620-462F-8400-DD3657D5B04D}.Debug|x86.ActiveCfg = Debug|Any CPU
		{4BB1C562-4620-462F-8400-DD3657D5B04D}.Debug|x86.Build.0 = Debug|Any CPU
		{4BB1C562-4620-462F-8400-DD3657D5B04D}.Release|Any CPU.ActiveCfg = Release|Any CPU
		{4BB1C562-4620-462F-8400-DD3657D5B04D}.Release|Any CPU.Build.0 = Release|Any CPU
		{4BB1C562-4620-462F-8400-DD3657D5B04D}.Release|ARM.ActiveCfg = Release|Any CPU
		{4BB1C562-4620-462F-8400-DD3657D5B04D}.Release|ARM.Build.0 = Release|Any CPU
		{4BB1C562-4620-462F-8400-DD3657D5B04D}.Release|x64.ActiveCfg = Release|Any CPU
		{4BB1C562-4620-462F-8400-DD3657D5B04D}.Release|x64.Build.0 = Release|Any CPU
		{4BB1C562-4620-462F-8400-DD3657D5B04D}.Release|x86.ActiveCfg = Release|Any CPU
		{4BB1C562-4620-462F-8400-DD3657D5B04D}.Release|x86.Build.0 = Release|Any CPU
		{BB13F18D-4548-4F52-87BB-748CA6C70EB1}.Debug|Any CPU.ActiveCfg = Debug|Any CPU
		{BB13F18D-4548-4F52-87BB-748CA6C70EB1}.Debug|Any CPU.Build.0 = Debug|Any CPU
		{BB13F18D-4548-4F52-87BB-748CA6C70EB1}.Debug|ARM.ActiveCfg = Debug|Any CPU
		{BB13F18D-4548-4F52-87BB-748CA6C70EB1}.Debug|ARM.Build.0 = Debug|Any CPU
		{BB13F18D-4548-4F52-87BB-748CA6C70EB1}.Debug|x64.ActiveCfg = Debug|Any CPU
		{BB13F18D-4548-4F52-87BB-748CA6C70EB1}.Debug|x64.Build.0 = Debug|Any CPU
		{BB13F18D-4548-4F52-87BB-748CA6C70EB1}.Debug|x86.ActiveCfg = Debug|Any CPU
		{BB13F18D-4548-4F52-87BB-748CA6C70EB1}.Debug|x86.Build.0 = Debug|Any CPU
		{BB13F18D-4548-4F52-87BB-748CA6C70EB1}.Release|Any CPU.ActiveCfg = Release|Any CPU
		{BB13F18D-4548-4F52-87BB-748CA6C70EB1}.Release|Any CPU.Build.0 = Release|Any CPU
		{BB13F18D-4548-4F52-87BB-748CA6C70EB1}.Release|ARM.ActiveCfg = Release|Any CPU
		{BB13F18D-4548-4F52-87BB-748CA6C70EB1}.Release|ARM.Build.0 = Release|Any CPU
		{BB13F18D-4548-4F52-87BB-748CA6C70EB1}.Release|x64.ActiveCfg = Release|Any CPU
		{BB13F18D-4548-4F52-87BB-748CA6C70EB1}.Release|x64.Build.0 = Release|Any CPU
		{BB13F18D-4548-4F52-87BB-748CA6C70EB1}.Release|x86.ActiveCfg = Release|Any CPU
		{BB13F18D-4548-4F52-87BB-748CA6C70EB1}.Release|x86.Build.0 = Release|Any CPU
		{A5614E2A-D8E3-406E-AD2C-C7A06E77491B}.Debug|Any CPU.ActiveCfg = Debug|Any CPU
		{A5614E2A-D8E3-406E-AD2C-C7A06E77491B}.Debug|Any CPU.Build.0 = Debug|Any CPU
		{A5614E2A-D8E3-406E-AD2C-C7A06E77491B}.Debug|ARM.ActiveCfg = Debug|Any CPU
		{A5614E2A-D8E3-406E-AD2C-C7A06E77491B}.Debug|ARM.Build.0 = Debug|Any CPU
		{A5614E2A-D8E3-406E-AD2C-C7A06E77491B}.Debug|x64.ActiveCfg = Debug|Any CPU
		{A5614E2A-D8E3-406E-AD2C-C7A06E77491B}.Debug|x64.Build.0 = Debug|Any CPU
		{A5614E2A-D8E3-406E-AD2C-C7A06E77491B}.Debug|x86.ActiveCfg = Debug|Any CPU
		{A5614E2A-D8E3-406E-AD2C-C7A06E77491B}.Debug|x86.Build.0 = Debug|Any CPU
		{A5614E2A-D8E3-406E-AD2C-C7A06E77491B}.Release|Any CPU.ActiveCfg = Release|Any CPU
		{A5614E2A-D8E3-406E-AD2C-C7A06E77491B}.Release|Any CPU.Build.0 = Release|Any CPU
		{A5614E2A-D8E3-406E-AD2C-C7A06E77491B}.Release|ARM.ActiveCfg = Release|Any CPU
		{A5614E2A-D8E3-406E-AD2C-C7A06E77491B}.Release|ARM.Build.0 = Release|Any CPU
		{A5614E2A-D8E3-406E-AD2C-C7A06E77491B}.Release|x64.ActiveCfg = Release|Any CPU
		{A5614E2A-D8E3-406E-AD2C-C7A06E77491B}.Release|x64.Build.0 = Release|Any CPU
		{A5614E2A-D8E3-406E-AD2C-C7A06E77491B}.Release|x86.ActiveCfg = Release|Any CPU
		{A5614E2A-D8E3-406E-AD2C-C7A06E77491B}.Release|x86.Build.0 = Release|Any CPU
		{8D16D9F0-66B9-4D14-AFB0-166755482397}.Debug|Any CPU.ActiveCfg = Debug|Any CPU
		{8D16D9F0-66B9-4D14-AFB0-166755482397}.Debug|Any CPU.Build.0 = Debug|Any CPU
		{8D16D9F0-66B9-4D14-AFB0-166755482397}.Debug|ARM.ActiveCfg = Debug|Any CPU
		{8D16D9F0-66B9-4D14-AFB0-166755482397}.Debug|ARM.Build.0 = Debug|Any CPU
		{8D16D9F0-66B9-4D14-AFB0-166755482397}.Debug|x64.ActiveCfg = Debug|Any CPU
		{8D16D9F0-66B9-4D14-AFB0-166755482397}.Debug|x64.Build.0 = Debug|Any CPU
		{8D16D9F0-66B9-4D14-AFB0-166755482397}.Debug|x86.ActiveCfg = Debug|Any CPU
		{8D16D9F0-66B9-4D14-AFB0-166755482397}.Debug|x86.Build.0 = Debug|Any CPU
		{8D16D9F0-66B9-4D14-AFB0-166755482397}.Release|Any CPU.ActiveCfg = Release|Any CPU
		{8D16D9F0-66B9-4D14-AFB0-166755482397}.Release|Any CPU.Build.0 = Release|Any CPU
		{8D16D9F0-66B9-4D14-AFB0-166755482397}.Release|ARM.ActiveCfg = Release|Any CPU
		{8D16D9F0-66B9-4D14-AFB0-166755482397}.Release|ARM.Build.0 = Release|Any CPU
		{8D16D9F0-66B9-4D14-AFB0-166755482397}.Release|x64.ActiveCfg = Release|Any CPU
		{8D16D9F0-66B9-4D14-AFB0-166755482397}.Release|x64.Build.0 = Release|Any CPU
		{8D16D9F0-66B9-4D14-AFB0-166755482397}.Release|x86.ActiveCfg = Release|Any CPU
		{8D16D9F0-66B9-4D14-AFB0-166755482397}.Release|x86.Build.0 = Release|Any CPU
		{9A371953-08F7-4942-9C3A-67679AE35133}.Debug|Any CPU.ActiveCfg = Debug|Any CPU
		{9A371953-08F7-4942-9C3A-67679AE35133}.Debug|Any CPU.Build.0 = Debug|Any CPU
		{9A371953-08F7-4942-9C3A-67679AE35133}.Debug|ARM.ActiveCfg = Debug|Any CPU
		{9A371953-08F7-4942-9C3A-67679AE35133}.Debug|ARM.Build.0 = Debug|Any CPU
		{9A371953-08F7-4942-9C3A-67679AE35133}.Debug|x64.ActiveCfg = Debug|Any CPU
		{9A371953-08F7-4942-9C3A-67679AE35133}.Debug|x64.Build.0 = Debug|Any CPU
		{9A371953-08F7-4942-9C3A-67679AE35133}.Debug|x86.ActiveCfg = Debug|Any CPU
		{9A371953-08F7-4942-9C3A-67679AE35133}.Debug|x86.Build.0 = Debug|Any CPU
		{9A371953-08F7-4942-9C3A-67679AE35133}.Release|Any CPU.ActiveCfg = Release|Any CPU
		{9A371953-08F7-4942-9C3A-67679AE35133}.Release|Any CPU.Build.0 = Release|Any CPU
		{9A371953-08F7-4942-9C3A-67679AE35133}.Release|ARM.ActiveCfg = Release|Any CPU
		{9A371953-08F7-4942-9C3A-67679AE35133}.Release|ARM.Build.0 = Release|Any CPU
		{9A371953-08F7-4942-9C3A-67679AE35133}.Release|x64.ActiveCfg = Release|Any CPU
		{9A371953-08F7-4942-9C3A-67679AE35133}.Release|x64.Build.0 = Release|Any CPU
		{9A371953-08F7-4942-9C3A-67679AE35133}.Release|x86.ActiveCfg = Release|Any CPU
		{9A371953-08F7-4942-9C3A-67679AE35133}.Release|x86.Build.0 = Release|Any CPU
		{6844DD89-49E3-4697-BE29-E312B8719027}.Debug|Any CPU.ActiveCfg = Debug|Any CPU
		{6844DD89-49E3-4697-BE29-E312B8719027}.Debug|Any CPU.Build.0 = Debug|Any CPU
		{6844DD89-49E3-4697-BE29-E312B8719027}.Debug|ARM.ActiveCfg = Debug|Any CPU
		{6844DD89-49E3-4697-BE29-E312B8719027}.Debug|ARM.Build.0 = Debug|Any CPU
		{6844DD89-49E3-4697-BE29-E312B8719027}.Debug|x64.ActiveCfg = Debug|Any CPU
		{6844DD89-49E3-4697-BE29-E312B8719027}.Debug|x64.Build.0 = Debug|Any CPU
		{6844DD89-49E3-4697-BE29-E312B8719027}.Debug|x86.ActiveCfg = Debug|Any CPU
		{6844DD89-49E3-4697-BE29-E312B8719027}.Debug|x86.Build.0 = Debug|Any CPU
		{6844DD89-49E3-4697-BE29-E312B8719027}.Release|Any CPU.ActiveCfg = Release|Any CPU
		{6844DD89-49E3-4697-BE29-E312B8719027}.Release|Any CPU.Build.0 = Release|Any CPU
		{6844DD89-49E3-4697-BE29-E312B8719027}.Release|ARM.ActiveCfg = Release|Any CPU
		{6844DD89-49E3-4697-BE29-E312B8719027}.Release|ARM.Build.0 = Release|Any CPU
		{6844DD89-49E3-4697-BE29-E312B8719027}.Release|x64.ActiveCfg = Release|Any CPU
		{6844DD89-49E3-4697-BE29-E312B8719027}.Release|x64.Build.0 = Release|Any CPU
		{6844DD89-49E3-4697-BE29-E312B8719027}.Release|x86.ActiveCfg = Release|Any CPU
		{6844DD89-49E3-4697-BE29-E312B8719027}.Release|x86.Build.0 = Release|Any CPU
		{1210D87C-0D59-45C3-A876-32A973FD898B}.Debug|Any CPU.ActiveCfg = Debug|Any CPU
		{1210D87C-0D59-45C3-A876-32A973FD898B}.Debug|Any CPU.Build.0 = Debug|Any CPU
		{1210D87C-0D59-45C3-A876-32A973FD898B}.Debug|ARM.ActiveCfg = Debug|Any CPU
		{1210D87C-0D59-45C3-A876-32A973FD898B}.Debug|ARM.Build.0 = Debug|Any CPU
		{1210D87C-0D59-45C3-A876-32A973FD898B}.Debug|x64.ActiveCfg = Debug|Any CPU
		{1210D87C-0D59-45C3-A876-32A973FD898B}.Debug|x64.Build.0 = Debug|Any CPU
		{1210D87C-0D59-45C3-A876-32A973FD898B}.Debug|x86.ActiveCfg = Debug|Any CPU
		{1210D87C-0D59-45C3-A876-32A973FD898B}.Debug|x86.Build.0 = Debug|Any CPU
		{1210D87C-0D59-45C3-A876-32A973FD898B}.Release|Any CPU.ActiveCfg = Release|Any CPU
		{1210D87C-0D59-45C3-A876-32A973FD898B}.Release|Any CPU.Build.0 = Release|Any CPU
		{1210D87C-0D59-45C3-A876-32A973FD898B}.Release|ARM.ActiveCfg = Release|Any CPU
		{1210D87C-0D59-45C3-A876-32A973FD898B}.Release|ARM.Build.0 = Release|Any CPU
		{1210D87C-0D59-45C3-A876-32A973FD898B}.Release|x64.ActiveCfg = Release|Any CPU
		{1210D87C-0D59-45C3-A876-32A973FD898B}.Release|x64.Build.0 = Release|Any CPU
		{1210D87C-0D59-45C3-A876-32A973FD898B}.Release|x86.ActiveCfg = Release|Any CPU
		{1210D87C-0D59-45C3-A876-32A973FD898B}.Release|x86.Build.0 = Release|Any CPU
		{12475CC8-BAF5-4D3F-9F9D-083123C1C4DC}.Debug|Any CPU.ActiveCfg = Debug|Any CPU
		{12475CC8-BAF5-4D3F-9F9D-083123C1C4DC}.Debug|Any CPU.Build.0 = Debug|Any CPU
		{12475CC8-BAF5-4D3F-9F9D-083123C1C4DC}.Debug|ARM.ActiveCfg = Debug|Any CPU
		{12475CC8-BAF5-4D3F-9F9D-083123C1C4DC}.Debug|ARM.Build.0 = Debug|Any CPU
		{12475CC8-BAF5-4D3F-9F9D-083123C1C4DC}.Debug|x64.ActiveCfg = Debug|Any CPU
		{12475CC8-BAF5-4D3F-9F9D-083123C1C4DC}.Debug|x64.Build.0 = Debug|Any CPU
		{12475CC8-BAF5-4D3F-9F9D-083123C1C4DC}.Debug|x86.ActiveCfg = Debug|Any CPU
		{12475CC8-BAF5-4D3F-9F9D-083123C1C4DC}.Debug|x86.Build.0 = Debug|Any CPU
		{12475CC8-BAF5-4D3F-9F9D-083123C1C4DC}.Release|Any CPU.ActiveCfg = Release|Any CPU
		{12475CC8-BAF5-4D3F-9F9D-083123C1C4DC}.Release|Any CPU.Build.0 = Release|Any CPU
		{12475CC8-BAF5-4D3F-9F9D-083123C1C4DC}.Release|ARM.ActiveCfg = Release|Any CPU
		{12475CC8-BAF5-4D3F-9F9D-083123C1C4DC}.Release|ARM.Build.0 = Release|Any CPU
		{12475CC8-BAF5-4D3F-9F9D-083123C1C4DC}.Release|x64.ActiveCfg = Release|Any CPU
		{12475CC8-BAF5-4D3F-9F9D-083123C1C4DC}.Release|x64.Build.0 = Release|Any CPU
		{12475CC8-BAF5-4D3F-9F9D-083123C1C4DC}.Release|x86.ActiveCfg = Release|Any CPU
		{12475CC8-BAF5-4D3F-9F9D-083123C1C4DC}.Release|x86.Build.0 = Release|Any CPU
		{C42695F2-6DF2-4B87-BC56-41A7CD6B9278}.Debug|Any CPU.ActiveCfg = Debug|Any CPU
		{C42695F2-6DF2-4B87-BC56-41A7CD6B9278}.Debug|Any CPU.Build.0 = Debug|Any CPU
		{C42695F2-6DF2-4B87-BC56-41A7CD6B9278}.Debug|ARM.ActiveCfg = Debug|Any CPU
		{C42695F2-6DF2-4B87-BC56-41A7CD6B9278}.Debug|ARM.Build.0 = Debug|Any CPU
		{C42695F2-6DF2-4B87-BC56-41A7CD6B9278}.Debug|x64.ActiveCfg = Debug|Any CPU
		{C42695F2-6DF2-4B87-BC56-41A7CD6B9278}.Debug|x64.Build.0 = Debug|Any CPU
		{C42695F2-6DF2-4B87-BC56-41A7CD6B9278}.Debug|x86.ActiveCfg = Debug|Any CPU
		{C42695F2-6DF2-4B87-BC56-41A7CD6B9278}.Debug|x86.Build.0 = Debug|Any CPU
		{C42695F2-6DF2-4B87-BC56-41A7CD6B9278}.Release|Any CPU.ActiveCfg = Release|Any CPU
		{C42695F2-6DF2-4B87-BC56-41A7CD6B9278}.Release|Any CPU.Build.0 = Release|Any CPU
		{C42695F2-6DF2-4B87-BC56-41A7CD6B9278}.Release|ARM.ActiveCfg = Release|Any CPU
		{C42695F2-6DF2-4B87-BC56-41A7CD6B9278}.Release|ARM.Build.0 = Release|Any CPU
		{C42695F2-6DF2-4B87-BC56-41A7CD6B9278}.Release|x64.ActiveCfg = Release|Any CPU
		{C42695F2-6DF2-4B87-BC56-41A7CD6B9278}.Release|x64.Build.0 = Release|Any CPU
		{C42695F2-6DF2-4B87-BC56-41A7CD6B9278}.Release|x86.ActiveCfg = Release|Any CPU
		{C42695F2-6DF2-4B87-BC56-41A7CD6B9278}.Release|x86.Build.0 = Release|Any CPU
		{1D391BB1-9093-4753-A3A7-8489DA9A4405}.Debug|Any CPU.ActiveCfg = Debug|Any CPU
		{1D391BB1-9093-4753-A3A7-8489DA9A4405}.Debug|Any CPU.Build.0 = Debug|Any CPU
		{1D391BB1-9093-4753-A3A7-8489DA9A4405}.Debug|ARM.ActiveCfg = Debug|Any CPU
		{1D391BB1-9093-4753-A3A7-8489DA9A4405}.Debug|ARM.Build.0 = Debug|Any CPU
		{1D391BB1-9093-4753-A3A7-8489DA9A4405}.Debug|x64.ActiveCfg = Debug|Any CPU
		{1D391BB1-9093-4753-A3A7-8489DA9A4405}.Debug|x64.Build.0 = Debug|Any CPU
		{1D391BB1-9093-4753-A3A7-8489DA9A4405}.Debug|x86.ActiveCfg = Debug|Any CPU
		{1D391BB1-9093-4753-A3A7-8489DA9A4405}.Debug|x86.Build.0 = Debug|Any CPU
		{1D391BB1-9093-4753-A3A7-8489DA9A4405}.Release|Any CPU.ActiveCfg = Release|Any CPU
		{1D391BB1-9093-4753-A3A7-8489DA9A4405}.Release|Any CPU.Build.0 = Release|Any CPU
		{1D391BB1-9093-4753-A3A7-8489DA9A4405}.Release|ARM.ActiveCfg = Release|Any CPU
		{1D391BB1-9093-4753-A3A7-8489DA9A4405}.Release|ARM.Build.0 = Release|Any CPU
		{1D391BB1-9093-4753-A3A7-8489DA9A4405}.Release|x64.ActiveCfg = Release|Any CPU
		{1D391BB1-9093-4753-A3A7-8489DA9A4405}.Release|x64.Build.0 = Release|Any CPU
		{1D391BB1-9093-4753-A3A7-8489DA9A4405}.Release|x86.ActiveCfg = Release|Any CPU
		{1D391BB1-9093-4753-A3A7-8489DA9A4405}.Release|x86.Build.0 = Release|Any CPU
		{DD0BA7AD-2119-4209-AB83-1E4DAC602C95}.Debug|Any CPU.ActiveCfg = Debug|Any CPU
		{DD0BA7AD-2119-4209-AB83-1E4DAC602C95}.Debug|Any CPU.Build.0 = Debug|Any CPU
		{DD0BA7AD-2119-4209-AB83-1E4DAC602C95}.Debug|ARM.ActiveCfg = Debug|Any CPU
		{DD0BA7AD-2119-4209-AB83-1E4DAC602C95}.Debug|ARM.Build.0 = Debug|Any CPU
		{DD0BA7AD-2119-4209-AB83-1E4DAC602C95}.Debug|x64.ActiveCfg = Debug|Any CPU
		{DD0BA7AD-2119-4209-AB83-1E4DAC602C95}.Debug|x64.Build.0 = Debug|Any CPU
		{DD0BA7AD-2119-4209-AB83-1E4DAC602C95}.Debug|x86.ActiveCfg = Debug|Any CPU
		{DD0BA7AD-2119-4209-AB83-1E4DAC602C95}.Debug|x86.Build.0 = Debug|Any CPU
		{DD0BA7AD-2119-4209-AB83-1E4DAC602C95}.Release|Any CPU.ActiveCfg = Release|Any CPU
		{DD0BA7AD-2119-4209-AB83-1E4DAC602C95}.Release|Any CPU.Build.0 = Release|Any CPU
		{DD0BA7AD-2119-4209-AB83-1E4DAC602C95}.Release|ARM.ActiveCfg = Release|Any CPU
		{DD0BA7AD-2119-4209-AB83-1E4DAC602C95}.Release|ARM.Build.0 = Release|Any CPU
		{DD0BA7AD-2119-4209-AB83-1E4DAC602C95}.Release|x64.ActiveCfg = Release|Any CPU
		{DD0BA7AD-2119-4209-AB83-1E4DAC602C95}.Release|x64.Build.0 = Release|Any CPU
		{DD0BA7AD-2119-4209-AB83-1E4DAC602C95}.Release|x86.ActiveCfg = Release|Any CPU
		{DD0BA7AD-2119-4209-AB83-1E4DAC602C95}.Release|x86.Build.0 = Release|Any CPU
		{28B84B50-DC0E-4691-B5FF-EE34F373A11E}.Debug|Any CPU.ActiveCfg = Debug|x86
		{28B84B50-DC0E-4691-B5FF-EE34F373A11E}.Debug|ARM.ActiveCfg = Debug|ARM
		{28B84B50-DC0E-4691-B5FF-EE34F373A11E}.Debug|ARM.Build.0 = Debug|ARM
		{28B84B50-DC0E-4691-B5FF-EE34F373A11E}.Debug|ARM.Deploy.0 = Debug|ARM
		{28B84B50-DC0E-4691-B5FF-EE34F373A11E}.Debug|x64.ActiveCfg = Debug|x64
		{28B84B50-DC0E-4691-B5FF-EE34F373A11E}.Debug|x64.Build.0 = Debug|x64
		{28B84B50-DC0E-4691-B5FF-EE34F373A11E}.Debug|x64.Deploy.0 = Debug|x64
		{28B84B50-DC0E-4691-B5FF-EE34F373A11E}.Debug|x86.ActiveCfg = Debug|x86
		{28B84B50-DC0E-4691-B5FF-EE34F373A11E}.Debug|x86.Build.0 = Debug|x86
		{28B84B50-DC0E-4691-B5FF-EE34F373A11E}.Debug|x86.Deploy.0 = Debug|x86
		{28B84B50-DC0E-4691-B5FF-EE34F373A11E}.Release|Any CPU.ActiveCfg = Release|x86
		{28B84B50-DC0E-4691-B5FF-EE34F373A11E}.Release|ARM.ActiveCfg = Release|ARM
		{28B84B50-DC0E-4691-B5FF-EE34F373A11E}.Release|ARM.Build.0 = Release|ARM
		{28B84B50-DC0E-4691-B5FF-EE34F373A11E}.Release|ARM.Deploy.0 = Release|ARM
		{28B84B50-DC0E-4691-B5FF-EE34F373A11E}.Release|x64.ActiveCfg = Release|x64
		{28B84B50-DC0E-4691-B5FF-EE34F373A11E}.Release|x64.Build.0 = Release|x64
		{28B84B50-DC0E-4691-B5FF-EE34F373A11E}.Release|x64.Deploy.0 = Release|x64
		{28B84B50-DC0E-4691-B5FF-EE34F373A11E}.Release|x86.ActiveCfg = Release|x86
		{28B84B50-DC0E-4691-B5FF-EE34F373A11E}.Release|x86.Build.0 = Release|x86
		{28B84B50-DC0E-4691-B5FF-EE34F373A11E}.Release|x86.Deploy.0 = Release|x86
		{590A414F-2D28-45B4-A384-9A35544A3162}.Debug|Any CPU.ActiveCfg = Debug|Any CPU
		{590A414F-2D28-45B4-A384-9A35544A3162}.Debug|Any CPU.Build.0 = Debug|Any CPU
		{590A414F-2D28-45B4-A384-9A35544A3162}.Debug|ARM.ActiveCfg = Debug|Any CPU
		{590A414F-2D28-45B4-A384-9A35544A3162}.Debug|ARM.Build.0 = Debug|Any CPU
		{590A414F-2D28-45B4-A384-9A35544A3162}.Debug|x64.ActiveCfg = Debug|Any CPU
		{590A414F-2D28-45B4-A384-9A35544A3162}.Debug|x64.Build.0 = Debug|Any CPU
		{590A414F-2D28-45B4-A384-9A35544A3162}.Debug|x86.ActiveCfg = Debug|Any CPU
		{590A414F-2D28-45B4-A384-9A35544A3162}.Debug|x86.Build.0 = Debug|Any CPU
		{590A414F-2D28-45B4-A384-9A35544A3162}.Release|Any CPU.ActiveCfg = Release|Any CPU
		{590A414F-2D28-45B4-A384-9A35544A3162}.Release|Any CPU.Build.0 = Release|Any CPU
		{590A414F-2D28-45B4-A384-9A35544A3162}.Release|ARM.ActiveCfg = Release|Any CPU
		{590A414F-2D28-45B4-A384-9A35544A3162}.Release|ARM.Build.0 = Release|Any CPU
		{590A414F-2D28-45B4-A384-9A35544A3162}.Release|x64.ActiveCfg = Release|Any CPU
		{590A414F-2D28-45B4-A384-9A35544A3162}.Release|x64.Build.0 = Release|Any CPU
		{590A414F-2D28-45B4-A384-9A35544A3162}.Release|x86.ActiveCfg = Release|Any CPU
		{590A414F-2D28-45B4-A384-9A35544A3162}.Release|x86.Build.0 = Release|Any CPU
		{7A275BA6-1A85-4F21-858C-661664CFD5FB}.Debug|Any CPU.ActiveCfg = Debug|Any CPU
		{7A275BA6-1A85-4F21-858C-661664CFD5FB}.Debug|Any CPU.Build.0 = Debug|Any CPU
		{7A275BA6-1A85-4F21-858C-661664CFD5FB}.Debug|ARM.ActiveCfg = Debug|Any CPU
		{7A275BA6-1A85-4F21-858C-661664CFD5FB}.Debug|ARM.Build.0 = Debug|Any CPU
		{7A275BA6-1A85-4F21-858C-661664CFD5FB}.Debug|x64.ActiveCfg = Debug|Any CPU
		{7A275BA6-1A85-4F21-858C-661664CFD5FB}.Debug|x64.Build.0 = Debug|Any CPU
		{7A275BA6-1A85-4F21-858C-661664CFD5FB}.Debug|x86.ActiveCfg = Debug|Any CPU
		{7A275BA6-1A85-4F21-858C-661664CFD5FB}.Debug|x86.Build.0 = Debug|Any CPU
		{7A275BA6-1A85-4F21-858C-661664CFD5FB}.Release|Any CPU.ActiveCfg = Release|Any CPU
		{7A275BA6-1A85-4F21-858C-661664CFD5FB}.Release|Any CPU.Build.0 = Release|Any CPU
		{7A275BA6-1A85-4F21-858C-661664CFD5FB}.Release|ARM.ActiveCfg = Release|Any CPU
		{7A275BA6-1A85-4F21-858C-661664CFD5FB}.Release|ARM.Build.0 = Release|Any CPU
		{7A275BA6-1A85-4F21-858C-661664CFD5FB}.Release|x64.ActiveCfg = Release|Any CPU
		{7A275BA6-1A85-4F21-858C-661664CFD5FB}.Release|x64.Build.0 = Release|Any CPU
		{7A275BA6-1A85-4F21-858C-661664CFD5FB}.Release|x86.ActiveCfg = Release|Any CPU
		{7A275BA6-1A85-4F21-858C-661664CFD5FB}.Release|x86.Build.0 = Release|Any CPU
		{D504C23A-EEF3-43BA-98A1-3868983D66C7}.Debug|Any CPU.ActiveCfg = Debug|Any CPU
		{D504C23A-EEF3-43BA-98A1-3868983D66C7}.Debug|Any CPU.Build.0 = Debug|Any CPU
		{D504C23A-EEF3-43BA-98A1-3868983D66C7}.Debug|Any CPU.Deploy.0 = Debug|Any CPU
		{D504C23A-EEF3-43BA-98A1-3868983D66C7}.Debug|ARM.ActiveCfg = Debug|Any CPU
		{D504C23A-EEF3-43BA-98A1-3868983D66C7}.Debug|ARM.Build.0 = Debug|Any CPU
		{D504C23A-EEF3-43BA-98A1-3868983D66C7}.Debug|ARM.Deploy.0 = Debug|Any CPU
		{D504C23A-EEF3-43BA-98A1-3868983D66C7}.Debug|x64.ActiveCfg = Debug|Any CPU
		{D504C23A-EEF3-43BA-98A1-3868983D66C7}.Debug|x64.Build.0 = Debug|Any CPU
		{D504C23A-EEF3-43BA-98A1-3868983D66C7}.Debug|x64.Deploy.0 = Debug|Any CPU
		{D504C23A-EEF3-43BA-98A1-3868983D66C7}.Debug|x86.ActiveCfg = Debug|Any CPU
		{D504C23A-EEF3-43BA-98A1-3868983D66C7}.Debug|x86.Build.0 = Debug|Any CPU
		{D504C23A-EEF3-43BA-98A1-3868983D66C7}.Debug|x86.Deploy.0 = Debug|Any CPU
		{D504C23A-EEF3-43BA-98A1-3868983D66C7}.Release|Any CPU.ActiveCfg = Release|Any CPU
		{D504C23A-EEF3-43BA-98A1-3868983D66C7}.Release|Any CPU.Build.0 = Release|Any CPU
		{D504C23A-EEF3-43BA-98A1-3868983D66C7}.Release|Any CPU.Deploy.0 = Release|Any CPU
		{D504C23A-EEF3-43BA-98A1-3868983D66C7}.Release|ARM.ActiveCfg = Release|Any CPU
		{D504C23A-EEF3-43BA-98A1-3868983D66C7}.Release|ARM.Build.0 = Release|Any CPU
		{D504C23A-EEF3-43BA-98A1-3868983D66C7}.Release|ARM.Deploy.0 = Release|Any CPU
		{D504C23A-EEF3-43BA-98A1-3868983D66C7}.Release|x64.ActiveCfg = Release|Any CPU
		{D504C23A-EEF3-43BA-98A1-3868983D66C7}.Release|x64.Build.0 = Release|Any CPU
		{D504C23A-EEF3-43BA-98A1-3868983D66C7}.Release|x64.Deploy.0 = Release|Any CPU
		{D504C23A-EEF3-43BA-98A1-3868983D66C7}.Release|x86.ActiveCfg = Release|Any CPU
		{D504C23A-EEF3-43BA-98A1-3868983D66C7}.Release|x86.Build.0 = Release|Any CPU
		{D504C23A-EEF3-43BA-98A1-3868983D66C7}.Release|x86.Deploy.0 = Release|Any CPU
		{DA5F2AD5-8D35-4D27-A804-9B76939F2AE1}.Debug|Any CPU.ActiveCfg = Debug|Any CPU
		{DA5F2AD5-8D35-4D27-A804-9B76939F2AE1}.Debug|Any CPU.Build.0 = Debug|Any CPU
		{DA5F2AD5-8D35-4D27-A804-9B76939F2AE1}.Debug|ARM.ActiveCfg = Debug|Any CPU
		{DA5F2AD5-8D35-4D27-A804-9B76939F2AE1}.Debug|ARM.Build.0 = Debug|Any CPU
		{DA5F2AD5-8D35-4D27-A804-9B76939F2AE1}.Debug|x64.ActiveCfg = Debug|Any CPU
		{DA5F2AD5-8D35-4D27-A804-9B76939F2AE1}.Debug|x64.Build.0 = Debug|Any CPU
		{DA5F2AD5-8D35-4D27-A804-9B76939F2AE1}.Debug|x86.ActiveCfg = Debug|Any CPU
		{DA5F2AD5-8D35-4D27-A804-9B76939F2AE1}.Debug|x86.Build.0 = Debug|Any CPU
		{DA5F2AD5-8D35-4D27-A804-9B76939F2AE1}.Release|Any CPU.ActiveCfg = Release|Any CPU
		{DA5F2AD5-8D35-4D27-A804-9B76939F2AE1}.Release|Any CPU.Build.0 = Release|Any CPU
		{DA5F2AD5-8D35-4D27-A804-9B76939F2AE1}.Release|ARM.ActiveCfg = Release|Any CPU
		{DA5F2AD5-8D35-4D27-A804-9B76939F2AE1}.Release|ARM.Build.0 = Release|Any CPU
		{DA5F2AD5-8D35-4D27-A804-9B76939F2AE1}.Release|x64.ActiveCfg = Release|Any CPU
		{DA5F2AD5-8D35-4D27-A804-9B76939F2AE1}.Release|x64.Build.0 = Release|Any CPU
		{DA5F2AD5-8D35-4D27-A804-9B76939F2AE1}.Release|x86.ActiveCfg = Release|Any CPU
		{DA5F2AD5-8D35-4D27-A804-9B76939F2AE1}.Release|x86.Build.0 = Release|Any CPU
		{EE0C8F63-AAB3-4B4A-815D-45B3734A3EB5}.Debug|Any CPU.ActiveCfg = Debug|Any CPU
		{EE0C8F63-AAB3-4B4A-815D-45B3734A3EB5}.Debug|Any CPU.Build.0 = Debug|Any CPU
		{EE0C8F63-AAB3-4B4A-815D-45B3734A3EB5}.Debug|ARM.ActiveCfg = Debug|Any CPU
		{EE0C8F63-AAB3-4B4A-815D-45B3734A3EB5}.Debug|ARM.Build.0 = Debug|Any CPU
		{EE0C8F63-AAB3-4B4A-815D-45B3734A3EB5}.Debug|x64.ActiveCfg = Debug|Any CPU
		{EE0C8F63-AAB3-4B4A-815D-45B3734A3EB5}.Debug|x64.Build.0 = Debug|Any CPU
		{EE0C8F63-AAB3-4B4A-815D-45B3734A3EB5}.Debug|x86.ActiveCfg = Debug|Any CPU
		{EE0C8F63-AAB3-4B4A-815D-45B3734A3EB5}.Debug|x86.Build.0 = Debug|Any CPU
		{EE0C8F63-AAB3-4B4A-815D-45B3734A3EB5}.Release|Any CPU.ActiveCfg = Release|Any CPU
		{EE0C8F63-AAB3-4B4A-815D-45B3734A3EB5}.Release|Any CPU.Build.0 = Release|Any CPU
		{EE0C8F63-AAB3-4B4A-815D-45B3734A3EB5}.Release|ARM.ActiveCfg = Release|Any CPU
		{EE0C8F63-AAB3-4B4A-815D-45B3734A3EB5}.Release|ARM.Build.0 = Release|Any CPU
		{EE0C8F63-AAB3-4B4A-815D-45B3734A3EB5}.Release|x64.ActiveCfg = Release|Any CPU
		{EE0C8F63-AAB3-4B4A-815D-45B3734A3EB5}.Release|x64.Build.0 = Release|Any CPU
		{EE0C8F63-AAB3-4B4A-815D-45B3734A3EB5}.Release|x86.ActiveCfg = Release|Any CPU
		{EE0C8F63-AAB3-4B4A-815D-45B3734A3EB5}.Release|x86.Build.0 = Release|Any CPU
		{8024FC9E-547B-4892-8262-C3625A250263}.Debug|Any CPU.ActiveCfg = Debug|Any CPU
		{8024FC9E-547B-4892-8262-C3625A250263}.Debug|Any CPU.Build.0 = Debug|Any CPU
		{8024FC9E-547B-4892-8262-C3625A250263}.Debug|ARM.ActiveCfg = Debug|Any CPU
		{8024FC9E-547B-4892-8262-C3625A250263}.Debug|ARM.Build.0 = Debug|Any CPU
		{8024FC9E-547B-4892-8262-C3625A250263}.Debug|x64.ActiveCfg = Debug|Any CPU
		{8024FC9E-547B-4892-8262-C3625A250263}.Debug|x64.Build.0 = Debug|Any CPU
		{8024FC9E-547B-4892-8262-C3625A250263}.Debug|x86.ActiveCfg = Debug|Any CPU
		{8024FC9E-547B-4892-8262-C3625A250263}.Debug|x86.Build.0 = Debug|Any CPU
		{8024FC9E-547B-4892-8262-C3625A250263}.Release|Any CPU.ActiveCfg = Release|Any CPU
		{8024FC9E-547B-4892-8262-C3625A250263}.Release|Any CPU.Build.0 = Release|Any CPU
		{8024FC9E-547B-4892-8262-C3625A250263}.Release|ARM.ActiveCfg = Release|Any CPU
		{8024FC9E-547B-4892-8262-C3625A250263}.Release|ARM.Build.0 = Release|Any CPU
		{8024FC9E-547B-4892-8262-C3625A250263}.Release|x64.ActiveCfg = Release|Any CPU
		{8024FC9E-547B-4892-8262-C3625A250263}.Release|x64.Build.0 = Release|Any CPU
		{8024FC9E-547B-4892-8262-C3625A250263}.Release|x86.ActiveCfg = Release|Any CPU
		{8024FC9E-547B-4892-8262-C3625A250263}.Release|x86.Build.0 = Release|Any CPU
		{5E332853-CAEC-4EBF-AF8D-2EEDA0D2D0FF}.Debug|Any CPU.ActiveCfg = Debug|Any CPU
		{5E332853-CAEC-4EBF-AF8D-2EEDA0D2D0FF}.Debug|Any CPU.Build.0 = Debug|Any CPU
		{5E332853-CAEC-4EBF-AF8D-2EEDA0D2D0FF}.Debug|ARM.ActiveCfg = Debug|Any CPU
		{5E332853-CAEC-4EBF-AF8D-2EEDA0D2D0FF}.Debug|ARM.Build.0 = Debug|Any CPU
		{5E332853-CAEC-4EBF-AF8D-2EEDA0D2D0FF}.Debug|x64.ActiveCfg = Debug|Any CPU
		{5E332853-CAEC-4EBF-AF8D-2EEDA0D2D0FF}.Debug|x64.Build.0 = Debug|Any CPU
		{5E332853-CAEC-4EBF-AF8D-2EEDA0D2D0FF}.Debug|x86.ActiveCfg = Debug|Any CPU
		{5E332853-CAEC-4EBF-AF8D-2EEDA0D2D0FF}.Debug|x86.Build.0 = Debug|Any CPU
		{5E332853-CAEC-4EBF-AF8D-2EEDA0D2D0FF}.Release|Any CPU.ActiveCfg = Release|Any CPU
		{5E332853-CAEC-4EBF-AF8D-2EEDA0D2D0FF}.Release|Any CPU.Build.0 = Release|Any CPU
		{5E332853-CAEC-4EBF-AF8D-2EEDA0D2D0FF}.Release|ARM.ActiveCfg = Release|Any CPU
		{5E332853-CAEC-4EBF-AF8D-2EEDA0D2D0FF}.Release|ARM.Build.0 = Release|Any CPU
		{5E332853-CAEC-4EBF-AF8D-2EEDA0D2D0FF}.Release|x64.ActiveCfg = Release|Any CPU
		{5E332853-CAEC-4EBF-AF8D-2EEDA0D2D0FF}.Release|x64.Build.0 = Release|Any CPU
		{5E332853-CAEC-4EBF-AF8D-2EEDA0D2D0FF}.Release|x86.ActiveCfg = Release|Any CPU
		{5E332853-CAEC-4EBF-AF8D-2EEDA0D2D0FF}.Release|x86.Build.0 = Release|Any CPU
		{188585A0-510E-4035-834F-56854D585E1A}.Debug|Any CPU.ActiveCfg = Debug|x86
		{188585A0-510E-4035-834F-56854D585E1A}.Debug|ARM.ActiveCfg = Debug|ARM
		{188585A0-510E-4035-834F-56854D585E1A}.Debug|ARM.Build.0 = Debug|ARM
		{188585A0-510E-4035-834F-56854D585E1A}.Debug|ARM.Deploy.0 = Debug|ARM
		{188585A0-510E-4035-834F-56854D585E1A}.Debug|x64.ActiveCfg = Debug|x64
		{188585A0-510E-4035-834F-56854D585E1A}.Debug|x64.Build.0 = Debug|x64
		{188585A0-510E-4035-834F-56854D585E1A}.Debug|x64.Deploy.0 = Debug|x64
		{188585A0-510E-4035-834F-56854D585E1A}.Debug|x86.ActiveCfg = Debug|x86
		{188585A0-510E-4035-834F-56854D585E1A}.Debug|x86.Build.0 = Debug|x86
		{188585A0-510E-4035-834F-56854D585E1A}.Debug|x86.Deploy.0 = Debug|x86
		{188585A0-510E-4035-834F-56854D585E1A}.Release|Any CPU.ActiveCfg = Release|x86
		{188585A0-510E-4035-834F-56854D585E1A}.Release|ARM.ActiveCfg = Release|ARM
		{188585A0-510E-4035-834F-56854D585E1A}.Release|ARM.Build.0 = Release|ARM
		{188585A0-510E-4035-834F-56854D585E1A}.Release|ARM.Deploy.0 = Release|ARM
		{188585A0-510E-4035-834F-56854D585E1A}.Release|x64.ActiveCfg = Release|x64
		{188585A0-510E-4035-834F-56854D585E1A}.Release|x64.Build.0 = Release|x64
		{188585A0-510E-4035-834F-56854D585E1A}.Release|x64.Deploy.0 = Release|x64
		{188585A0-510E-4035-834F-56854D585E1A}.Release|x86.ActiveCfg = Release|x86
		{188585A0-510E-4035-834F-56854D585E1A}.Release|x86.Build.0 = Release|x86
		{188585A0-510E-4035-834F-56854D585E1A}.Release|x86.Deploy.0 = Release|x86
		{CA39646A-CF2A-4A7B-99CF-4D5B0939CE0A}.Debug|Any CPU.ActiveCfg = Debug|Any CPU
		{CA39646A-CF2A-4A7B-99CF-4D5B0939CE0A}.Debug|Any CPU.Build.0 = Debug|Any CPU
		{CA39646A-CF2A-4A7B-99CF-4D5B0939CE0A}.Debug|ARM.ActiveCfg = Debug|Any CPU
		{CA39646A-CF2A-4A7B-99CF-4D5B0939CE0A}.Debug|ARM.Build.0 = Debug|Any CPU
		{CA39646A-CF2A-4A7B-99CF-4D5B0939CE0A}.Debug|x64.ActiveCfg = Debug|Any CPU
		{CA39646A-CF2A-4A7B-99CF-4D5B0939CE0A}.Debug|x64.Build.0 = Debug|Any CPU
		{CA39646A-CF2A-4A7B-99CF-4D5B0939CE0A}.Debug|x86.ActiveCfg = Debug|Any CPU
		{CA39646A-CF2A-4A7B-99CF-4D5B0939CE0A}.Debug|x86.Build.0 = Debug|Any CPU
		{CA39646A-CF2A-4A7B-99CF-4D5B0939CE0A}.Release|Any CPU.ActiveCfg = Release|Any CPU
		{CA39646A-CF2A-4A7B-99CF-4D5B0939CE0A}.Release|Any CPU.Build.0 = Release|Any CPU
		{CA39646A-CF2A-4A7B-99CF-4D5B0939CE0A}.Release|ARM.ActiveCfg = Release|Any CPU
		{CA39646A-CF2A-4A7B-99CF-4D5B0939CE0A}.Release|ARM.Build.0 = Release|Any CPU
		{CA39646A-CF2A-4A7B-99CF-4D5B0939CE0A}.Release|x64.ActiveCfg = Release|Any CPU
		{CA39646A-CF2A-4A7B-99CF-4D5B0939CE0A}.Release|x64.Build.0 = Release|Any CPU
		{CA39646A-CF2A-4A7B-99CF-4D5B0939CE0A}.Release|x86.ActiveCfg = Release|Any CPU
		{CA39646A-CF2A-4A7B-99CF-4D5B0939CE0A}.Release|x86.Build.0 = Release|Any CPU
	EndGlobalSection
	GlobalSection(SolutionProperties) = preSolution
		HideSolutionNode = FALSE
	EndGlobalSection
	GlobalSection(NestedProjects) = preSolution
		{B9CF4EB5-1884-488D-B051-140F43632595} = {D5E65AA6-13DB-4D8A-8697-57A561346DDA}
		{312133FB-ACA3-410D-8727-303225BF75B9} = {D5E65AA6-13DB-4D8A-8697-57A561346DDA}
		{D95DDF17-D733-4B73-BA54-84EE01E17E50} = {D5E65AA6-13DB-4D8A-8697-57A561346DDA}
		{FB953EEB-6639-415A-B40E-E86DEC9D0994} = {D5E65AA6-13DB-4D8A-8697-57A561346DDA}
		{D51B3531-D895-45DD-A40C-608781055174} = {D5E65AA6-13DB-4D8A-8697-57A561346DDA}
		{D07023BF-7FA5-4B31-8120-45E36FDAC23C} = {D5E65AA6-13DB-4D8A-8697-57A561346DDA}
		{BDFCBEC8-99F6-4EB2-8D9E-898617210C7D} = {D5E65AA6-13DB-4D8A-8697-57A561346DDA}
		{D8423E67-1C90-4573-9D4B-A89F0613D4ED} = {D5E65AA6-13DB-4D8A-8697-57A561346DDA}
		{0B65972D-0AEC-4060-9597-D9E1D9F9E661} = {D5E65AA6-13DB-4D8A-8697-57A561346DDA}
		{2430686C-1D20-4E7F-99BE-E45B62BA2D01} = {D5E65AA6-13DB-4D8A-8697-57A561346DDA}
		{4BB1C562-4620-462F-8400-DD3657D5B04D} = {D5E65AA6-13DB-4D8A-8697-57A561346DDA}
		{BB13F18D-4548-4F52-87BB-748CA6C70EB1} = {D5E65AA6-13DB-4D8A-8697-57A561346DDA}
		{A5614E2A-D8E3-406E-AD2C-C7A06E77491B} = {D5E65AA6-13DB-4D8A-8697-57A561346DDA}
		{8D16D9F0-66B9-4D14-AFB0-166755482397} = {D5E65AA6-13DB-4D8A-8697-57A561346DDA}
		{9A371953-08F7-4942-9C3A-67679AE35133} = {D5E65AA6-13DB-4D8A-8697-57A561346DDA}
		{6844DD89-49E3-4697-BE29-E312B8719027} = {D5E65AA6-13DB-4D8A-8697-57A561346DDA}
		{1210D87C-0D59-45C3-A876-32A973FD898B} = {34D59593-0208-4EA9-AD84-6A7D4320E286}
		{12475CC8-BAF5-4D3F-9F9D-083123C1C4DC} = {34D59593-0208-4EA9-AD84-6A7D4320E286}
		{C42695F2-6DF2-4B87-BC56-41A7CD6B9278} = {D6AF5C21-D3EE-404A-BF8E-A400A8763555}
		{1D391BB1-9093-4753-A3A7-8489DA9A4405} = {39BCA472-65F3-472A-A3C2-DC571B8D65F8}
		{DD0BA7AD-2119-4209-AB83-1E4DAC602C95} = {39BCA472-65F3-472A-A3C2-DC571B8D65F8}
		{28B84B50-DC0E-4691-B5FF-EE34F373A11E} = {414F4A40-3981-4E4C-B05D-FA6423F1DFC3}
		{590A414F-2D28-45B4-A384-9A35544A3162} = {39BCA472-65F3-472A-A3C2-DC571B8D65F8}
		{7A275BA6-1A85-4F21-858C-661664CFD5FB} = {39BCA472-65F3-472A-A3C2-DC571B8D65F8}
		{D504C23A-EEF3-43BA-98A1-3868983D66C7} = {642295A9-09D9-4445-B6F9-7676261F4C1A}
		{DA5F2AD5-8D35-4D27-A804-9B76939F2AE1} = {D6AF5C21-D3EE-404A-BF8E-A400A8763555}
		{EE0C8F63-AAB3-4B4A-815D-45B3734A3EB5} = {34D59593-0208-4EA9-AD84-6A7D4320E286}
		{8024FC9E-547B-4892-8262-C3625A250263} = {D6AF5C21-D3EE-404A-BF8E-A400A8763555}
		{5E332853-CAEC-4EBF-AF8D-2EEDA0D2D0FF} = {D6AF5C21-D3EE-404A-BF8E-A400A8763555}
		{188585A0-510E-4035-834F-56854D585E1A} = {414F4A40-3981-4E4C-B05D-FA6423F1DFC3}
		{CA39646A-CF2A-4A7B-99CF-4D5B0939CE0A} = {D5E65AA6-13DB-4D8A-8697-57A561346DDA}
	EndGlobalSection
	GlobalSection(ExtensibilityGlobals) = postSolution
		SolutionGuid = {AA38D6BD-B090-4987-BC51-CCA79445B056}
	EndGlobalSection
EndGlobal
